{
  "lockfile_version": "1",
  "packages": {
    "kubectl@1.30.1": {
      "last_modified": "2024-05-22T06:18:38Z",
      "resolved": "github:NixOS/nixpkgs/3f316d2a50699a78afe5e77ca486ad553169061e#kubectl",
      "source": "devbox-search",
      "version": "1.30.1",
      "systems": {
        "aarch64-darwin": {
          "outputs": [
            {
              "name": "out",
              "path": "/nix/store/qwfjmaq9pi6b52fy0p6r5h7bz3dsrd5a-kubectl-1.30.1",
              "default": true
            },
            {
              "name": "man",
              "path": "/nix/store/4j4zh6hc4r79dkhdpvmsj08ns0sidp3q-kubectl-1.30.1-man",
              "default": true
            },
            {
              "name": "convert",
              "path": "/nix/store/52cbngv6wrmzqjmgqca1jampmyhjavp3-kubectl-1.30.1-convert"
            }
          ],
          "store_path": "/nix/store/qwfjmaq9pi6b52fy0p6r5h7bz3dsrd5a-kubectl-1.30.1"
        },
        "aarch64-linux": {
          "outputs": [
            {
              "name": "out",
              "path": "/nix/store/3yz0b2jabnag1dp849di6pr44xska4v4-kubectl-1.30.1",
              "default": true
            },
            {
              "name": "man",
              "path": "/nix/store/x959virs4416haw91i31k8wx46vvcw7n-kubectl-1.30.1-man",
              "default": true
            },
            {
              "name": "convert",
              "path": "/nix/store/cg6i708y910v3s4z2syi9hgzbvppn3rv-kubectl-1.30.1-convert"
            }
          ],
          "store_path": "/nix/store/3yz0b2jabnag1dp849di6pr44xska4v4-kubectl-1.30.1"
        },
        "x86_64-darwin": {
          "outputs": [
            {
              "name": "out",
              "path": "/nix/store/jmsb2gahggm22x0mch7avnxxplfh6skj-kubectl-1.30.1",
              "default": true
            },
            {
              "name": "man",
              "path": "/nix/store/186kmibnzsk182mi81fbxz4cq3ra43bw-kubectl-1.30.1-man",
              "default": true
            },
            {
              "name": "convert",
              "path": "/nix/store/3qz8sqvf7bjhpw7m0dr531qbr8cfyr7w-kubectl-1.30.1-convert"
            }
          ],
          "store_path": "/nix/store/jmsb2gahggm22x0mch7avnxxplfh6skj-kubectl-1.30.1"
        },
        "x86_64-linux": {
          "outputs": [
            {
              "name": "out",
              "path": "/nix/store/05k95p72niq1gh39gv1g9n0ivsgl4hiy-kubectl-1.30.1",
              "default": true
            },
            {
              "name": "man",
              "path": "/nix/store/5vr6jxqx0al48cv8ryxr003f4f4f1h65-kubectl-1.30.1-man",
              "default": true
            },
            {
              "name": "convert",
              "path": "/nix/store/5jaykj68b06p6mfhmgy6ghmy0wmm9yp5-kubectl-1.30.1-convert"
            }
          ],
          "store_path": "/nix/store/05k95p72niq1gh39gv1g9n0ivsgl4hiy-kubectl-1.30.1"
        }
      }
    },
    "teleport@15.3.7": {
      "last_modified": "2024-05-28T16:41:07Z",
      "resolved": "github:NixOS/nixpkgs/4a3fc4cf736b7d2d288d7a8bf775ac8d4c0920b4#teleport",
      "source": "devbox-search",
      "version": "15.3.7",
      "systems": {
        "aarch64-darwin": {
          "outputs": [
            {
              "name": "out",
              "path": "/nix/store/3w6bnamzd7c7a5cz1hn6szq0hpkp52iv-teleport-15.3.7",
              "default": true
            },
            {
              "name": "client",
              "path": "/nix/store/akq2hr2fnkifbyh819a8432pahsycq25-teleport-15.3.7-client"
            }
          ],
          "store_path": "/nix/store/3w6bnamzd7c7a5cz1hn6szq0hpkp52iv-teleport-15.3.7"
        },
        "aarch64-linux": {
          "outputs": [
            {
              "name": "out",
              "path": "/nix/store/a0icq9vkws6r4bpk1aj5bs46ny2r3kp6-teleport-15.3.7",
              "default": true
            },
            {
              "name": "client",
              "path": "/nix/store/jbhcj5d3c7zs9yxf9g2hrbf31k1yc5nm-teleport-15.3.7-client"
            }
          ],
          "store_path": "/nix/store/a0icq9vkws6r4bpk1aj5bs46ny2r3kp6-teleport-15.3.7"
        },
        "x86_64-darwin": {
          "outputs": [
            {
              "name": "out",
              "path": "/nix/store/8rafm8icfzmyw28nj4w386wq1lr2404v-teleport-15.3.7",
              "default": true
            },
            {
              "name": "client",
              "path": "/nix/store/8plc9qs54rqq37mc0qhb5f6wkil129zk-teleport-15.3.7-client"
            }
          ],
          "store_path": "/nix/store/8rafm8icfzmyw28nj4w386wq1lr2404v-teleport-15.3.7"
        },
        "x86_64-linux": {
          "outputs": [
            {
              "name": "out",
              "path": "/nix/store/6cddmqjs5a64jq3hr5m32fyxv7xb3rmm-teleport-15.3.7",
              "default": true
            },
            {
              "name": "client",
              "path": "/nix/store/9d6sljjqhm991k2ampw62590f8j8lg6s-teleport-15.3.7-client"
            }
          ],
          "store_path": "/nix/store/6cddmqjs5a64jq3hr5m32fyxv7xb3rmm-teleport-15.3.7"
        }
      }
    }
  }
}
